
Microsoft Visual Studio Solution File, Format Version 12.00
# Visual Studio Version 17
VisualStudioVersion = 17.8.34322.80
MinimumVisualStudioVersion = 10.0.40219.1
Project("{FAE04EC0-301F-11D3-BF4B-00C04F79EFBC}") = "Memory Games", "Memory Games.csproj", "{3F1135A4-36DF-42D9-8354-B72D08FDD677}"
EndProject
Global
	GlobalSection(SolutionConfigurationPlatforms) = preSolution
		Debug|Any CPU = Debug|Any CPU
		Release|Any CPU = Release|Any CPU
	EndGlobalSection
	GlobalSection(ProjectConfigurationPlatforms) = postSolution
		{3F1135A4-36DF-42D9-8354-B72D08FDD677}.Debug|Any CPU.ActiveCfg = Debug|Any CPU
		{3F1135A4-36DF-42D9-8354-B72D08FDD677}.Debug|Any CPU.Build.0 = Debug|Any CPU
		{3F1135A4-36DF-42D9-8354-B72D08FDD677}.Release|Any CPU.ActiveCfg = Release|Any CPU
		{3F1135A4-36DF-42D9-8354-B72D08FDD677}.Release|Any CPU.Build.0 = Release|Any CPU
	EndGlobalSection
	GlobalSection(SolutionProperties) = preSolution
		HideSolutionNode = FALSE
	EndGlobalSection
	GlobalSection(ExtensibilityGlobals) = postSolution
		SolutionGuid = {68A06B6F-5A0D-4F78-BC82-643F101A9BE8}
	EndGlobalSection
EndGlobal
